// !$*UTF8*$!
{
	archiveVersion = 1;
	classes = {
	};
	objectVersion = 54;
	objects = {

/* Begin PBXBuildFile section */
		00E356F31AD99517003FC87E /* crafty_Furniture_AppTests.m in Sources */ = {isa = PBXBuildFile; fileRef = 00E356F21AD99517003FC87E /* crafty_Furniture_AppTests.m */; };
		04979121297AB61400E59DE5 /* File.swift in Sources */ = {isa = PBXBuildFile; fileRef = 04979120297AB61400E59DE5 /* File.swift */; };
		04AF3F37297FEE580067BE7A /* Bolts.framework in Frameworks */ = {isa = PBXBuildFile; fileRef = 04AF3F36297FEE580067BE7A /* Bolts.framework */; };
		04AF3F39297FEE630067BE7A /* FBSDKCoreKit.framework in Frameworks */ = {isa = PBXBuildFile; fileRef = 04AF3F38297FEE620067BE7A /* FBSDKCoreKit.framework */; };
		04AF3F3B297FEE6F0067BE7A /* FBSDKLoginKit.framework in Frameworks */ = {isa = PBXBuildFile; fileRef = 04AF3F3A297FEE6F0067BE7A /* FBSDKLoginKit.framework */; };
		04AF3F3D297FEE770067BE7A /* FBSDKShareKit.framework in Frameworks */ = {isa = PBXBuildFile; fileRef = 04AF3F3C297FEE770067BE7A /* FBSDKShareKit.framework */; };
		0DB6A1A175A7405C8FFDDAC1 /* Poppins-ThinItalic.ttf in Resources */ = {isa = PBXBuildFile; fileRef = D9585D002C3C49D39A922B3F /* Poppins-ThinItalic.ttf */; };
		13B07FBC1A68108700A75B9A /* AppDelegate.mm in Sources */ = {isa = PBXBuildFile; fileRef = 13B07FB01A68108700A75B9A /* AppDelegate.mm */; };
		13B07FBF1A68108700A75B9A /* Images.xcassets in Resources */ = {isa = PBXBuildFile; fileRef = 13B07FB51A68108700A75B9A /* Images.xcassets */; };
		13B07FC11A68108700A75B9A /* main.m in Sources */ = {isa = PBXBuildFile; fileRef = 13B07FB71A68108700A75B9A /* main.m */; };
		1E2BEEA11B2B440D9BC100E1 /* Poppins-MediumItalic.ttf in Resources */ = {isa = PBXBuildFile; fileRef = CBEFB507723342028BA42A62 /* Poppins-MediumItalic.ttf */; };
		2639A0FF89D54256B6C278A4 /* Poppins-Medium.ttf in Resources */ = {isa = PBXBuildFile; fileRef = 3ED802963A354502949CEC70 /* Poppins-Medium.ttf */; };
		35E8E4E8A33E4944A7674EE9 /* Poppins-ExtraLight.ttf in Resources */ = {isa = PBXBuildFile; fileRef = 4358F9F1CAEA4214840299F8 /* Poppins-ExtraLight.ttf */; };
		42F6CB78958C4369AAB87948 /* Poppins-ExtraLightItalic.ttf in Resources */ = {isa = PBXBuildFile; fileRef = AB65920A63FE498C82A77935 /* Poppins-ExtraLightItalic.ttf */; };
		4FF0EBEEE8C9BBF6DE3052D6 /* libPods-crafty_Furniture_App.a in Frameworks */ = {isa = PBXBuildFile; fileRef = 5DCACB8F33CDC322A6C60F78 /* libPods-crafty_Furniture_App.a */; };
		6A88339E10FD42119CEE3AF6 /* Poppins-ExtraBoldItalic.ttf in Resources */ = {isa = PBXBuildFile; fileRef = E5053A94189E4265950C57D4 /* Poppins-ExtraBoldItalic.ttf */; };
		7699B88040F8A987B510C191 /* libPods-crafty_Furniture_App-crafty_Furniture_AppTests.a in Frameworks */ = {isa = PBXBuildFile; fileRef = 19F6CBCC0A4E27FBF8BF4A61 /* libPods-crafty_Furniture_App-crafty_Furniture_AppTests.a */; };
		79B22655DA284F4CAA4B207B /* OFL.txt in Resources */ = {isa = PBXBuildFile; fileRef = 932619D5DFE34086A0C512AB /* OFL.txt */; };
		7FCDC8E138A14D79884467A2 /* Poppins-SemiBold.ttf in Resources */ = {isa = PBXBuildFile; fileRef = CF407E5EC1334D889E05407A /* Poppins-SemiBold.ttf */; };
		817DA819D34147A7941B9E6E /* Poppins-Bold.ttf in Resources */ = {isa = PBXBuildFile; fileRef = C30632576E884F648FA953AA /* Poppins-Bold.ttf */; };
		81AB9BB82411601600AC10FF /* LaunchScreen.storyboard in Resources */ = {isa = PBXBuildFile; fileRef = 81AB9BB72411601600AC10FF /* LaunchScreen.storyboard */; };
		858DE21BB4DF4626AF5BA64A /* Poppins-Black.ttf in Resources */ = {isa = PBXBuildFile; fileRef = 9A64AEBBA40F4B51B8079035 /* Poppins-Black.ttf */; };
		9CEEC9CCA3E34A4D839004DD /* Poppins-ExtraBold.ttf in Resources */ = {isa = PBXBuildFile; fileRef = FF466A7A10E54DFC9CEE578B /* Poppins-ExtraBold.ttf */; };
		B176B079EF694D6EA82A7B54 /* Poppins-Light.ttf in Resources */ = {isa = PBXBuildFile; fileRef = 7A5F4F1F52A74D44BA72D9EA /* Poppins-Light.ttf */; };
		B6825B3E91C74B8EB1512828 /* Poppins-BoldItalic.ttf in Resources */ = {isa = PBXBuildFile; fileRef = 4C614A723B6B4A98A350C1DB /* Poppins-BoldItalic.ttf */; };
		CF00BD0EAC0740BE8552B6D7 /* Poppins-Thin.ttf in Resources */ = {isa = PBXBuildFile; fileRef = 5CA4A8BD6B464CC786CC94DA /* Poppins-Thin.ttf */; };
		D9180E90E56B4E5299017327 /* Poppins-LightItalic.ttf in Resources */ = {isa = PBXBuildFile; fileRef = 1B46F301969F46EAB485E92F /* Poppins-LightItalic.ttf */; };
		EAD1B706443643D0B5768EC2 /* Poppins-BlackItalic.ttf in Resources */ = {isa = PBXBuildFile; fileRef = 7BE49F4F0D2441E789381619 /* Poppins-BlackItalic.ttf */; };
		ECE1C1083F254839B0E8059F /* Poppins-Italic.ttf in Resources */ = {isa = PBXBuildFile; fileRef = D860245DC84A455FACE6D546 /* Poppins-Italic.ttf */; };
		F0FA8690BA0149E28ED2818B /* Poppins-Regular.ttf in Resources */ = {isa = PBXBuildFile; fileRef = 7414A0CEAF3B4F978994208C /* Poppins-Regular.ttf */; };
		F73FC38619C048DBA1C6E3FB /* Poppins-SemiBoldItalic.ttf in Resources */ = {isa = PBXBuildFile; fileRef = B735C0647775461D8B7E8A11 /* Poppins-SemiBoldItalic.ttf */; };
/* End PBXBuildFile section */

/* Begin PBXContainerItemProxy section */
		00E356F41AD99517003FC87E /* PBXContainerItemProxy */ = {
			isa = PBXContainerItemProxy;
			containerPortal = 83CBB9F71A601CBA00E9B192 /* Project object */;
			proxyType = 1;
			remoteGlobalIDString = 13B07F861A680F5B00A75B9A;
			remoteInfo = crafty_Furniture_App;
		};
/* End PBXContainerItemProxy section */

/* Begin PBXFileReference section */
		00E356EE1AD99517003FC87E /* crafty_Furniture_AppTests.xctest */ = {isa = PBXFileReference; explicitFileType = wrapper.cfbundle; includeInIndex = 0; path = crafty_Furniture_AppTests.xctest; sourceTree = BUILT_PRODUCTS_DIR; };
		00E356F11AD99517003FC87E /* Info.plist */ = {isa = PBXFileReference; lastKnownFileType = text.plist.xml; path = Info.plist; sourceTree = "<group>"; };
		00E356F21AD99517003FC87E /* crafty_Furniture_AppTests.m */ = {isa = PBXFileReference; lastKnownFileType = sourcecode.c.objc; path = crafty_Furniture_AppTests.m; sourceTree = "<group>"; };
		0497911F297AB61300E59DE5 /* crafty_Furniture_App-Bridging-Header.h */ = {isa = PBXFileReference; lastKnownFileType = sourcecode.c.h; path = "crafty_Furniture_App-Bridging-Header.h"; sourceTree = "<group>"; };
		04979120297AB61400E59DE5 /* File.swift */ = {isa = PBXFileReference; lastKnownFileType = sourcecode.swift; path = File.swift; sourceTree = "<group>"; };
		04AF3F36297FEE580067BE7A /* Bolts.framework */ = {isa = PBXFileReference; lastKnownFileType = wrapper.framework; path = Bolts.framework; sourceTree = "<group>"; };
		04AF3F38297FEE620067BE7A /* FBSDKCoreKit.framework */ = {isa = PBXFileReference; lastKnownFileType = wrapper.framework; path = FBSDKCoreKit.framework; sourceTree = "<group>"; };
		04AF3F3A297FEE6F0067BE7A /* FBSDKLoginKit.framework */ = {isa = PBXFileReference; lastKnownFileType = wrapper.framework; path = FBSDKLoginKit.framework; sourceTree = "<group>"; };
		04AF3F3C297FEE770067BE7A /* FBSDKShareKit.framework */ = {isa = PBXFileReference; lastKnownFileType = wrapper.framework; path = FBSDKShareKit.framework; sourceTree = "<group>"; };
		13B07F961A680F5B00A75B9A /* crafty_Furniture_App.app */ = {isa = PBXFileReference; explicitFileType = wrapper.application; includeInIndex = 0; path = crafty_Furniture_App.app; sourceTree = BUILT_PRODUCTS_DIR; };
		13B07FAF1A68108700A75B9A /* AppDelegate.h */ = {isa = PBXFileReference; fileEncoding = 4; lastKnownFileType = sourcecode.c.h; name = AppDelegate.h; path = crafty_Furniture_App/AppDelegate.h; sourceTree = "<group>"; };
		13B07FB01A68108700A75B9A /* AppDelegate.mm */ = {isa = PBXFileReference; fileEncoding = 4; lastKnownFileType = sourcecode.cpp.objcpp; name = AppDelegate.mm; path = crafty_Furniture_App/AppDelegate.mm; sourceTree = "<group>"; };
		13B07FB51A68108700A75B9A /* Images.xcassets */ = {isa = PBXFileReference; lastKnownFileType = folder.assetcatalog; name = Images.xcassets; path = crafty_Furniture_App/Images.xcassets; sourceTree = "<group>"; };
		13B07FB61A68108700A75B9A /* Info.plist */ = {isa = PBXFileReference; fileEncoding = 4; lastKnownFileType = text.plist.xml; name = Info.plist; path = crafty_Furniture_App/Info.plist; sourceTree = "<group>"; };
		13B07FB71A68108700A75B9A /* main.m */ = {isa = PBXFileReference; fileEncoding = 4; lastKnownFileType = sourcecode.c.objc; name = main.m; path = crafty_Furniture_App/main.m; sourceTree = "<group>"; };
		19F6CBCC0A4E27FBF8BF4A61 /* libPods-crafty_Furniture_App-crafty_Furniture_AppTests.a */ = {isa = PBXFileReference; explicitFileType = archive.ar; includeInIndex = 0; path = "libPods-crafty_Furniture_App-crafty_Furniture_AppTests.a"; sourceTree = BUILT_PRODUCTS_DIR; };
		1B46F301969F46EAB485E92F /* Poppins-LightItalic.ttf */ = {isa = PBXFileReference; explicitFileType = undefined; fileEncoding = 9; includeInIndex = 0; lastKnownFileType = unknown; name = "Poppins-LightItalic.ttf"; path = "../src/asset/font/Poppins-LightItalic.ttf"; sourceTree = "<group>"; };
		3B4392A12AC88292D35C810B /* Pods-crafty_Furniture_App.debug.xcconfig */ = {isa = PBXFileReference; includeInIndex = 1; lastKnownFileType = text.xcconfig; name = "Pods-crafty_Furniture_App.debug.xcconfig"; path = "Target Support Files/Pods-crafty_Furniture_App/Pods-crafty_Furniture_App.debug.xcconfig"; sourceTree = "<group>"; };
		3ED802963A354502949CEC70 /* Poppins-Medium.ttf */ = {isa = PBXFileReference; explicitFileType = undefined; fileEncoding = 9; includeInIndex = 0; lastKnownFileType = unknown; name = "Poppins-Medium.ttf"; path = "../src/asset/font/Poppins-Medium.ttf"; sourceTree = "<group>"; };
		4358F9F1CAEA4214840299F8 /* Poppins-ExtraLight.ttf */ = {isa = PBXFileReference; explicitFileType = undefined; fileEncoding = 9; includeInIndex = 0; lastKnownFileType = unknown; name = "Poppins-ExtraLight.ttf"; path = "../src/asset/font/Poppins-ExtraLight.ttf"; sourceTree = "<group>"; };
		4C614A723B6B4A98A350C1DB /* Poppins-BoldItalic.ttf */ = {isa = PBXFileReference; explicitFileType = undefined; fileEncoding = 9; includeInIndex = 0; lastKnownFileType = unknown; name = "Poppins-BoldItalic.ttf"; path = "../src/asset/font/Poppins-BoldItalic.ttf"; sourceTree = "<group>"; };
		5709B34CF0A7D63546082F79 /* Pods-crafty_Furniture_App.release.xcconfig */ = {isa = PBXFileReference; includeInIndex = 1; lastKnownFileType = text.xcconfig; name = "Pods-crafty_Furniture_App.release.xcconfig"; path = "Target Support Files/Pods-crafty_Furniture_App/Pods-crafty_Furniture_App.release.xcconfig"; sourceTree = "<group>"; };
		5B7EB9410499542E8C5724F5 /* Pods-crafty_Furniture_App-crafty_Furniture_AppTests.debug.xcconfig */ = {isa = PBXFileReference; includeInIndex = 1; lastKnownFileType = text.xcconfig; name = "Pods-crafty_Furniture_App-crafty_Furniture_AppTests.debug.xcconfig"; path = "Target Support Files/Pods-crafty_Furniture_App-crafty_Furniture_AppTests/Pods-crafty_Furniture_App-crafty_Furniture_AppTests.debug.xcconfig"; sourceTree = "<group>"; };
		5CA4A8BD6B464CC786CC94DA /* Poppins-Thin.ttf */ = {isa = PBXFileReference; explicitFileType = undefined; fileEncoding = 9; includeInIndex = 0; lastKnownFileType = unknown; name = "Poppins-Thin.ttf"; path = "../src/asset/font/Poppins-Thin.ttf"; sourceTree = "<group>"; };
		5DCACB8F33CDC322A6C60F78 /* libPods-crafty_Furniture_App.a */ = {isa = PBXFileReference; explicitFileType = archive.ar; includeInIndex = 0; path = "libPods-crafty_Furniture_App.a"; sourceTree = BUILT_PRODUCTS_DIR; };
		7414A0CEAF3B4F978994208C /* Poppins-Regular.ttf */ = {isa = PBXFileReference; explicitFileType = undefined; fileEncoding = 9; includeInIndex = 0; lastKnownFileType = unknown; name = "Poppins-Regular.ttf"; path = "../src/asset/font/Poppins-Regular.ttf"; sourceTree = "<group>"; };
		7A5F4F1F52A74D44BA72D9EA /* Poppins-Light.ttf */ = {isa = PBXFileReference; explicitFileType = undefined; fileEncoding = 9; includeInIndex = 0; lastKnownFileType = unknown; name = "Poppins-Light.ttf"; path = "../src/asset/font/Poppins-Light.ttf"; sourceTree = "<group>"; };
		7BE49F4F0D2441E789381619 /* Poppins-BlackItalic.ttf */ = {isa = PBXFileReference; explicitFileType = undefined; fileEncoding = 9; includeInIndex = 0; lastKnownFileType = unknown; name = "Poppins-BlackItalic.ttf"; path = "../src/asset/font/Poppins-BlackItalic.ttf"; sourceTree = "<group>"; };
		81AB9BB72411601600AC10FF /* LaunchScreen.storyboard */ = {isa = PBXFileReference; fileEncoding = 4; lastKnownFileType = file.storyboard; name = LaunchScreen.storyboard; path = crafty_Furniture_App/LaunchScreen.storyboard; sourceTree = "<group>"; };
		89C6BE57DB24E9ADA2F236DE /* Pods-crafty_Furniture_App-crafty_Furniture_AppTests.release.xcconfig */ = {isa = PBXFileReference; includeInIndex = 1; lastKnownFileType = text.xcconfig; name = "Pods-crafty_Furniture_App-crafty_Furniture_AppTests.release.xcconfig"; path = "Target Support Files/Pods-crafty_Furniture_App-crafty_Furniture_AppTests/Pods-crafty_Furniture_App-crafty_Furniture_AppTests.release.xcconfig"; sourceTree = "<group>"; };
		932619D5DFE34086A0C512AB /* OFL.txt */ = {isa = PBXFileReference; explicitFileType = undefined; fileEncoding = 9; includeInIndex = 0; lastKnownFileType = unknown; name = OFL.txt; path = ../src/asset/font/OFL.txt; sourceTree = "<group>"; };
		9A64AEBBA40F4B51B8079035 /* Poppins-Black.ttf */ = {isa = PBXFileReference; explicitFileType = undefined; fileEncoding = 9; includeInIndex = 0; lastKnownFileType = unknown; name = "Poppins-Black.ttf"; path = "../src/asset/font/Poppins-Black.ttf"; sourceTree = "<group>"; };
		AB65920A63FE498C82A77935 /* Poppins-ExtraLightItalic.ttf */ = {isa = PBXFileReference; explicitFileType = undefined; fileEncoding = 9; includeInIndex = 0; lastKnownFileType = unknown; name = "Poppins-ExtraLightItalic.ttf"; path = "../src/asset/font/Poppins-ExtraLightItalic.ttf"; sourceTree = "<group>"; };
		B735C0647775461D8B7E8A11 /* Poppins-SemiBoldItalic.ttf */ = {isa = PBXFileReference; explicitFileType = undefined; fileEncoding = 9; includeInIndex = 0; lastKnownFileType = unknown; name = "Poppins-SemiBoldItalic.ttf"; path = "../src/asset/font/Poppins-SemiBoldItalic.ttf"; sourceTree = "<group>"; };
		C30632576E884F648FA953AA /* Poppins-Bold.ttf */ = {isa = PBXFileReference; explicitFileType = undefined; fileEncoding = 9; includeInIndex = 0; lastKnownFileType = unknown; name = "Poppins-Bold.ttf"; path = "../src/asset/font/Poppins-Bold.ttf"; sourceTree = "<group>"; };
		CBEFB507723342028BA42A62 /* Poppins-MediumItalic.ttf */ = {isa = PBXFileReference; explicitFileType = undefined; fileEncoding = 9; includeInIndex = 0; lastKnownFileType = unknown; name = "Poppins-MediumItalic.ttf"; path = "../src/asset/font/Poppins-MediumItalic.ttf"; sourceTree = "<group>"; };
		CF407E5EC1334D889E05407A /* Poppins-SemiBold.ttf */ = {isa = PBXFileReference; explicitFileType = undefined; fileEncoding = 9; includeInIndex = 0; lastKnownFileType = unknown; name = "Poppins-SemiBold.ttf"; path = "../src/asset/font/Poppins-SemiBold.ttf"; sourceTree = "<group>"; };
		D860245DC84A455FACE6D546 /* Poppins-Italic.ttf */ = {isa = PBXFileReference; explicitFileType = undefined; fileEncoding = 9; includeInIndex = 0; lastKnownFileType = unknown; name = "Poppins-Italic.ttf"; path = "../src/asset/font/Poppins-Italic.ttf"; sourceTree = "<group>"; };
		D9585D002C3C49D39A922B3F /* Poppins-ThinItalic.ttf */ = {isa = PBXFileReference; explicitFileType = undefined; fileEncoding = 9; includeInIndex = 0; lastKnownFileType = unknown; name = "Poppins-ThinItalic.ttf"; path = "../src/asset/font/Poppins-ThinItalic.ttf"; sourceTree = "<group>"; };
		E5053A94189E4265950C57D4 /* Poppins-ExtraBoldItalic.ttf */ = {isa = PBXFileReference; explicitFileType = undefined; fileEncoding = 9; includeInIndex = 0; lastKnownFileType = unknown; name = "Poppins-ExtraBoldItalic.ttf"; path = "../src/asset/font/Poppins-ExtraBoldItalic.ttf"; sourceTree = "<group>"; };
		ED297162215061F000B7C4FE /* JavaScriptCore.framework */ = {isa = PBXFileReference; lastKnownFileType = wrapper.framework; name = JavaScriptCore.framework; path = System/Library/Frameworks/JavaScriptCore.framework; sourceTree = SDKROOT; };
		FF466A7A10E54DFC9CEE578B /* Poppins-ExtraBold.ttf */ = {isa = PBXFileReference; explicitFileType = undefined; fileEncoding = 9; includeInIndex = 0; lastKnownFileType = unknown; name = "Poppins-ExtraBold.ttf"; path = "../src/asset/font/Poppins-ExtraBold.ttf"; sourceTree = "<group>"; };
/* End PBXFileReference section */

/* Begin PBXFrameworksBuildPhase section */
		00E356EB1AD99517003FC87E /* Frameworks */ = {
			isa = PBXFrameworksBuildPhase;
			buildActionMask = 2147483647;
			files = (
				7699B88040F8A987B510C191 /* libPods-crafty_Furniture_App-crafty_Furniture_AppTests.a in Frameworks */,
				04AF3F39297FEE630067BE7A /* FBSDKCoreKit.framework in Frameworks */,
				04AF3F3D297FEE770067BE7A /* FBSDKShareKit.framework in Frameworks */,
				04AF3F3B297FEE6F0067BE7A /* FBSDKLoginKit.framework in Frameworks */,
				04AF3F37297FEE580067BE7A /* Bolts.framework in Frameworks */,
			);
			runOnlyForDeploymentPostprocessing = 0;
		};
		13B07F8C1A680F5B00A75B9A /* Frameworks */ = {
			isa = PBXFrameworksBuildPhase;
			buildActionMask = 2147483647;
			files = (
				4FF0EBEEE8C9BBF6DE3052D6 /* libPods-crafty_Furniture_App.a in Frameworks */,
			);
			runOnlyForDeploymentPostprocessing = 0;
		};
/* End PBXFrameworksBuildPhase section */

/* Begin PBXGroup section */
		00E356EF1AD99517003FC87E /* crafty_Furniture_AppTests */ = {
			isa = PBXGroup;
			children = (
				00E356F21AD99517003FC87E /* crafty_Furniture_AppTests.m */,
				00E356F01AD99517003FC87E /* Supporting Files */,
			);
			path = crafty_Furniture_AppTests;
			sourceTree = "<group>";
		};
		00E356F01AD99517003FC87E /* Supporting Files */ = {
			isa = PBXGroup;
			children = (
				00E356F11AD99517003FC87E /* Info.plist */,
			);
			name = "Supporting Files";
			sourceTree = "<group>";
		};
		13B07FAE1A68108700A75B9A /* crafty_Furniture_App */ = {
			isa = PBXGroup;
			children = (
				13B07FAF1A68108700A75B9A /* AppDelegate.h */,
				13B07FB01A68108700A75B9A /* AppDelegate.mm */,
				13B07FB51A68108700A75B9A /* Images.xcassets */,
				13B07FB61A68108700A75B9A /* Info.plist */,
				81AB9BB72411601600AC10FF /* LaunchScreen.storyboard */,
				13B07FB71A68108700A75B9A /* main.m */,
			);
			name = crafty_Furniture_App;
			sourceTree = "<group>";
		};
		2D16E6871FA4F8E400B85C8A /* Frameworks */ = {
			isa = PBXGroup;
			children = (
				04AF3F36297FEE580067BE7A /* Bolts.framework */,
				04AF3F3A297FEE6F0067BE7A /* FBSDKLoginKit.framework */,
				04AF3F38297FEE620067BE7A /* FBSDKCoreKit.framework */,
				04AF3F3C297FEE770067BE7A /* FBSDKShareKit.framework */,
				ED297162215061F000B7C4FE /* JavaScriptCore.framework */,
				5DCACB8F33CDC322A6C60F78 /* libPods-crafty_Furniture_App.a */,
				19F6CBCC0A4E27FBF8BF4A61 /* libPods-crafty_Furniture_App-crafty_Furniture_AppTests.a */,
			);
			name = Frameworks;
			sourceTree = "<group>";
		};
		832341AE1AAA6A7D00B99B32 /* Libraries */ = {
			isa = PBXGroup;
			children = (
			);
			name = Libraries;
			sourceTree = "<group>";
		};
		83CBB9F61A601CBA00E9B192 = {
			isa = PBXGroup;
			children = (
				04979120297AB61400E59DE5 /* File.swift */,
				13B07FAE1A68108700A75B9A /* crafty_Furniture_App */,
				832341AE1AAA6A7D00B99B32 /* Libraries */,
				00E356EF1AD99517003FC87E /* crafty_Furniture_AppTests */,
				83CBBA001A601CBA00E9B192 /* Products */,
				2D16E6871FA4F8E400B85C8A /* Frameworks */,
				BBD78D7AC51CEA395F1C20DB /* Pods */,
				E503AD83A8E44CA4882D0ECA /* Resources */,
				0497911F297AB61300E59DE5 /* crafty_Furniture_App-Bridging-Header.h */,
			);
			indentWidth = 2;
			sourceTree = "<group>";
			tabWidth = 2;
			usesTabs = 0;
		};
		83CBBA001A601CBA00E9B192 /* Products */ = {
			isa = PBXGroup;
			children = (
				13B07F961A680F5B00A75B9A /* crafty_Furniture_App.app */,
				00E356EE1AD99517003FC87E /* crafty_Furniture_AppTests.xctest */,
			);
			name = Products;
			sourceTree = "<group>";
		};
		BBD78D7AC51CEA395F1C20DB /* Pods */ = {
			isa = PBXGroup;
			children = (
				3B4392A12AC88292D35C810B /* Pods-crafty_Furniture_App.debug.xcconfig */,
				5709B34CF0A7D63546082F79 /* Pods-crafty_Furniture_App.release.xcconfig */,
				5B7EB9410499542E8C5724F5 /* Pods-crafty_Furniture_App-crafty_Furniture_AppTests.debug.xcconfig */,
				89C6BE57DB24E9ADA2F236DE /* Pods-crafty_Furniture_App-crafty_Furniture_AppTests.release.xcconfig */,
			);
			path = Pods;
			sourceTree = "<group>";
		};
		E503AD83A8E44CA4882D0ECA /* Resources */ = {
			isa = PBXGroup;
			children = (
				9A64AEBBA40F4B51B8079035 /* Poppins-Black.ttf */,
				7BE49F4F0D2441E789381619 /* Poppins-BlackItalic.ttf */,
				C30632576E884F648FA953AA /* Poppins-Bold.ttf */,
				4C614A723B6B4A98A350C1DB /* Poppins-BoldItalic.ttf */,
				FF466A7A10E54DFC9CEE578B /* Poppins-ExtraBold.ttf */,
				E5053A94189E4265950C57D4 /* Poppins-ExtraBoldItalic.ttf */,
				4358F9F1CAEA4214840299F8 /* Poppins-ExtraLight.ttf */,
				AB65920A63FE498C82A77935 /* Poppins-ExtraLightItalic.ttf */,
				D860245DC84A455FACE6D546 /* Poppins-Italic.ttf */,
				7A5F4F1F52A74D44BA72D9EA /* Poppins-Light.ttf */,
				1B46F301969F46EAB485E92F /* Poppins-LightItalic.ttf */,
				3ED802963A354502949CEC70 /* Poppins-Medium.ttf */,
				CBEFB507723342028BA42A62 /* Poppins-MediumItalic.ttf */,
				7414A0CEAF3B4F978994208C /* Poppins-Regular.ttf */,
				CF407E5EC1334D889E05407A /* Poppins-SemiBold.ttf */,
				B735C0647775461D8B7E8A11 /* Poppins-SemiBoldItalic.ttf */,
				5CA4A8BD6B464CC786CC94DA /* Poppins-Thin.ttf */,
				D9585D002C3C49D39A922B3F /* Poppins-ThinItalic.ttf */,
				932619D5DFE34086A0C512AB /* OFL.txt */,
			);
			name = Resources;
			sourceTree = "<group>";
		};
/* End PBXGroup section */

/* Begin PBXNativeTarget section */
		00E356ED1AD99517003FC87E /* crafty_Furniture_AppTests */ = {
			isa = PBXNativeTarget;
			buildConfigurationList = 00E357021AD99517003FC87E /* Build configuration list for PBXNativeTarget "crafty_Furniture_AppTests" */;
			buildPhases = (
				A55EABD7B0C7F3A422A6CC61 /* [CP] Check Pods Manifest.lock */,
				00E356EA1AD99517003FC87E /* Sources */,
				00E356EB1AD99517003FC87E /* Frameworks */,
				00E356EC1AD99517003FC87E /* Resources */,
				C59DA0FBD6956966B86A3779 /* [CP] Embed Pods Frameworks */,
				F6A41C54EA430FDDC6A6ED99 /* [CP] Copy Pods Resources */,
			);
			buildRules = (
			);
			dependencies = (
				00E356F51AD99517003FC87E /* PBXTargetDependency */,
			);
			name = crafty_Furniture_AppTests;
			productName = crafty_Furniture_AppTests;
			productReference = 00E356EE1AD99517003FC87E /* crafty_Furniture_AppTests.xctest */;
			productType = "com.apple.product-type.bundle.unit-test";
		};
		13B07F861A680F5B00A75B9A /* crafty_Furniture_App */ = {
			isa = PBXNativeTarget;
			buildConfigurationList = 13B07F931A680F5B00A75B9A /* Build configuration list for PBXNativeTarget "crafty_Furniture_App" */;
			buildPhases = (
				C38B50BA6285516D6DCD4F65 /* [CP] Check Pods Manifest.lock */,
				FD10A7F022414F080027D42C /* Start Packager */,
				13B07F871A680F5B00A75B9A /* Sources */,
				13B07F8C1A680F5B00A75B9A /* Frameworks */,
				13B07F8E1A680F5B00A75B9A /* Resources */,
				00DD1BFF1BD5951E006B06BC /* Bundle React Native code and images */,
				00EEFC60759A1932668264C0 /* [CP] Embed Pods Frameworks */,
				E235C05ADACE081382539298 /* [CP] Copy Pods Resources */,
			);
			buildRules = (
			);
			dependencies = (
			);
			name = crafty_Furniture_App;
			productName = crafty_Furniture_App;
			productReference = 13B07F961A680F5B00A75B9A /* crafty_Furniture_App.app */;
			productType = "com.apple.product-type.application";
		};
/* End PBXNativeTarget section */

/* Begin PBXProject section */
		83CBB9F71A601CBA00E9B192 /* Project object */ = {
			isa = PBXProject;
			attributes = {
				LastUpgradeCheck = 1210;
				TargetAttributes = {
					00E356ED1AD99517003FC87E = {
						CreatedOnToolsVersion = 6.2;
						TestTargetID = 13B07F861A680F5B00A75B9A;
					};
					13B07F861A680F5B00A75B9A = {
						LastSwiftMigration = 1340;
					};
				};
			};
			buildConfigurationList = 83CBB9FA1A601CBA00E9B192 /* Build configuration list for PBXProject "crafty_Furniture_App" */;
			compatibilityVersion = "Xcode 12.0";
			developmentRegion = en;
			hasScannedForEncodings = 0;
			knownRegions = (
				en,
				Base,
			);
			mainGroup = 83CBB9F61A601CBA00E9B192;
			productRefGroup = 83CBBA001A601CBA00E9B192 /* Products */;
			projectDirPath = "";
			projectRoot = "";
			targets = (
				13B07F861A680F5B00A75B9A /* crafty_Furniture_App */,
				00E356ED1AD99517003FC87E /* crafty_Furniture_AppTests */,
			);
		};
/* End PBXProject section */

/* Begin PBXResourcesBuildPhase section */
		00E356EC1AD99517003FC87E /* Resources */ = {
			isa = PBXResourcesBuildPhase;
			buildActionMask = 2147483647;
			files = (
			);
			runOnlyForDeploymentPostprocessing = 0;
		};
		13B07F8E1A680F5B00A75B9A /* Resources */ = {
			isa = PBXResourcesBuildPhase;
			buildActionMask = 2147483647;
			files = (
				81AB9BB82411601600AC10FF /* LaunchScreen.storyboard in Resources */,
				13B07FBF1A68108700A75B9A /* Images.xcassets in Resources */,
				858DE21BB4DF4626AF5BA64A /* Poppins-Black.ttf in Resources */,
				EAD1B706443643D0B5768EC2 /* Poppins-BlackItalic.ttf in Resources */,
				817DA819D34147A7941B9E6E /* Poppins-Bold.ttf in Resources */,
				B6825B3E91C74B8EB1512828 /* Poppins-BoldItalic.ttf in Resources */,
				9CEEC9CCA3E34A4D839004DD /* Poppins-ExtraBold.ttf in Resources */,
				6A88339E10FD42119CEE3AF6 /* Poppins-ExtraBoldItalic.ttf in Resources */,
				35E8E4E8A33E4944A7674EE9 /* Poppins-ExtraLight.ttf in Resources */,
				42F6CB78958C4369AAB87948 /* Poppins-ExtraLightItalic.ttf in Resources */,
				ECE1C1083F254839B0E8059F /* Poppins-Italic.ttf in Resources */,
				B176B079EF694D6EA82A7B54 /* Poppins-Light.ttf in Resources */,
				D9180E90E56B4E5299017327 /* Poppins-LightItalic.ttf in Resources */,
				2639A0FF89D54256B6C278A4 /* Poppins-Medium.ttf in Resources */,
				1E2BEEA11B2B440D9BC100E1 /* Poppins-MediumItalic.ttf in Resources */,
				F0FA8690BA0149E28ED2818B /* Poppins-Regular.ttf in Resources */,
				7FCDC8E138A14D79884467A2 /* Poppins-SemiBold.ttf in Resources */,
				F73FC38619C048DBA1C6E3FB /* Poppins-SemiBoldItalic.ttf in Resources */,
				CF00BD0EAC0740BE8552B6D7 /* Poppins-Thin.ttf in Resources */,
				0DB6A1A175A7405C8FFDDAC1 /* Poppins-ThinItalic.ttf in Resources */,
				79B22655DA284F4CAA4B207B /* OFL.txt in Resources */,
			);
			runOnlyForDeploymentPostprocessing = 0;
		};
/* End PBXResourcesBuildPhase section */

/* Begin PBXShellScriptBuildPhase section */
		00DD1BFF1BD5951E006B06BC /* Bundle React Native code and images */ = {
			isa = PBXShellScriptBuildPhase;
			buildActionMask = 2147483647;
			files = (
			);
			inputPaths = (
				"$(SRCROOT)/.xcode.env.local",
				"$(SRCROOT)/.xcode.env",
			);
			name = "Bundle React Native code and images";
			outputPaths = (
			);
			runOnlyForDeploymentPostprocessing = 0;
			shellPath = /bin/sh;
			shellScript = "set -e\n\nWITH_ENVIRONMENT=\"../node_modules/react-native/scripts/xcode/with-environment.sh\"\nREACT_NATIVE_XCODE=\"../node_modules/react-native/scripts/react-native-xcode.sh\"\n\n/bin/sh -c \"$WITH_ENVIRONMENT $REACT_NATIVE_XCODE\"\n";
		};
		00EEFC60759A1932668264C0 /* [CP] Embed Pods Frameworks */ = {
			isa = PBXShellScriptBuildPhase;
			buildActionMask = 2147483647;
			files = (
			);
			inputFileListPaths = (
				"${PODS_ROOT}/Target Support Files/Pods-crafty_Furniture_App/Pods-crafty_Furniture_App-frameworks-${CONFIGURATION}-input-files.xcfilelist",
			);
			name = "[CP] Embed Pods Frameworks";
			outputFileListPaths = (
				"${PODS_ROOT}/Target Support Files/Pods-crafty_Furniture_App/Pods-crafty_Furniture_App-frameworks-${CONFIGURATION}-output-files.xcfilelist",
			);
			runOnlyForDeploymentPostprocessing = 0;
			shellPath = /bin/sh;
			shellScript = "\"${PODS_ROOT}/Target Support Files/Pods-crafty_Furniture_App/Pods-crafty_Furniture_App-frameworks.sh\"\n";
			showEnvVarsInLog = 0;
		};
		A55EABD7B0C7F3A422A6CC61 /* [CP] Check Pods Manifest.lock */ = {
			isa = PBXShellScriptBuildPhase;
			buildActionMask = 2147483647;
			files = (
			);
			inputFileListPaths = (
			);
			inputPaths = (
				"${PODS_PODFILE_DIR_PATH}/Podfile.lock",
				"${PODS_ROOT}/Manifest.lock",
			);
			name = "[CP] Check Pods Manifest.lock";
			outputFileListPaths = (
			);
			outputPaths = (
				"$(DERIVED_FILE_DIR)/Pods-crafty_Furniture_App-crafty_Furniture_AppTests-checkManifestLockResult.txt",
			);
			runOnlyForDeploymentPostprocessing = 0;
			shellPath = /bin/sh;
			shellScript = "diff \"${PODS_PODFILE_DIR_PATH}/Podfile.lock\" \"${PODS_ROOT}/Manifest.lock\" > /dev/null\nif [ $? != 0 ] ; then\n    # print error to STDERR\n    echo \"error: The sandbox is not in sync with the Podfile.lock. Run 'pod install' or update your CocoaPods installation.\" >&2\n    exit 1\nfi\n# This output is used by Xcode 'outputs' to avoid re-running this script phase.\necho \"SUCCESS\" > \"${SCRIPT_OUTPUT_FILE_0}\"\n";
			showEnvVarsInLog = 0;
		};
		C38B50BA6285516D6DCD4F65 /* [CP] Check Pods Manifest.lock */ = {
			isa = PBXShellScriptBuildPhase;
			buildActionMask = 2147483647;
			files = (
			);
			inputFileListPaths = (
			);
			inputPaths = (
				"${PODS_PODFILE_DIR_PATH}/Podfile.lock",
				"${PODS_ROOT}/Manifest.lock",
			);
			name = "[CP] Check Pods Manifest.lock";
			outputFileListPaths = (
			);
			outputPaths = (
				"$(DERIVED_FILE_DIR)/Pods-crafty_Furniture_App-checkManifestLockResult.txt",
			);
			runOnlyForDeploymentPostprocessing = 0;
			shellPath = /bin/sh;
			shellScript = "diff \"${PODS_PODFILE_DIR_PATH}/Podfile.lock\" \"${PODS_ROOT}/Manifest.lock\" > /dev/null\nif [ $? != 0 ] ; then\n    # print error to STDERR\n    echo \"error: The sandbox is not in sync with the Podfile.lock. Run 'pod install' or update your CocoaPods installation.\" >&2\n    exit 1\nfi\n# This output is used by Xcode 'outputs' to avoid re-running this script phase.\necho \"SUCCESS\" > \"${SCRIPT_OUTPUT_FILE_0}\"\n";
			showEnvVarsInLog = 0;
		};
		C59DA0FBD6956966B86A3779 /* [CP] Embed Pods Frameworks */ = {
			isa = PBXShellScriptBuildPhase;
			buildActionMask = 2147483647;
			files = (
			);
			inputFileListPaths = (
				"${PODS_ROOT}/Target Support Files/Pods-crafty_Furniture_App-crafty_Furniture_AppTests/Pods-crafty_Furniture_App-crafty_Furniture_AppTests-frameworks-${CONFIGURATION}-input-files.xcfilelist",
			);
			name = "[CP] Embed Pods Frameworks";
			outputFileListPaths = (
				"${PODS_ROOT}/Target Support Files/Pods-crafty_Furniture_App-crafty_Furniture_AppTests/Pods-crafty_Furniture_App-crafty_Furniture_AppTests-frameworks-${CONFIGURATION}-output-files.xcfilelist",
			);
			runOnlyForDeploymentPostprocessing = 0;
			shellPath = /bin/sh;
			shellScript = "\"${PODS_ROOT}/Target Support Files/Pods-crafty_Furniture_App-crafty_Furniture_AppTests/Pods-crafty_Furniture_App-crafty_Furniture_AppTests-frameworks.sh\"\n";
			showEnvVarsInLog = 0;
		};
		E235C05ADACE081382539298 /* [CP] Copy Pods Resources */ = {
			isa = PBXShellScriptBuildPhase;
			buildActionMask = 2147483647;
			files = (
			);
			inputFileListPaths = (
				"${PODS_ROOT}/Target Support Files/Pods-crafty_Furniture_App/Pods-crafty_Furniture_App-resources-${CONFIGURATION}-input-files.xcfilelist",
			);
			name = "[CP] Copy Pods Resources";
			outputFileListPaths = (
				"${PODS_ROOT}/Target Support Files/Pods-crafty_Furniture_App/Pods-crafty_Furniture_App-resources-${CONFIGURATION}-output-files.xcfilelist",
			);
			runOnlyForDeploymentPostprocessing = 0;
			shellPath = /bin/sh;
			shellScript = "\"${PODS_ROOT}/Target Support Files/Pods-crafty_Furniture_App/Pods-crafty_Furniture_App-resources.sh\"\n";
			showEnvVarsInLog = 0;
		};
		F6A41C54EA430FDDC6A6ED99 /* [CP] Copy Pods Resources */ = {
			isa = PBXShellScriptBuildPhase;
			buildActionMask = 2147483647;
			files = (
			);
			inputFileListPaths = (
				"${PODS_ROOT}/Target Support Files/Pods-crafty_Furniture_App-crafty_Furniture_AppTests/Pods-crafty_Furniture_App-crafty_Furniture_AppTests-resources-${CONFIGURATION}-input-files.xcfilelist",
			);
			name = "[CP] Copy Pods Resources";
			outputFileListPaths = (
				"${PODS_ROOT}/Target Support Files/Pods-crafty_Furniture_App-crafty_Furniture_AppTests/Pods-crafty_Furniture_App-crafty_Furniture_AppTests-resources-${CONFIGURATION}-output-files.xcfilelist",
			);
			runOnlyForDeploymentPostprocessing = 0;
			shellPath = /bin/sh;
			shellScript = "\"${PODS_ROOT}/Target Support Files/Pods-crafty_Furniture_App-crafty_Furniture_AppTests/Pods-crafty_Furniture_App-crafty_Furniture_AppTests-resources.sh\"\n";
			showEnvVarsInLog = 0;
		};
		FD10A7F022414F080027D42C /* Start Packager */ = {
			isa = PBXShellScriptBuildPhase;
			buildActionMask = 2147483647;
			files = (
			);
			inputFileListPaths = (
			);
			inputPaths = (
			);
			name = "Start Packager";
			outputFileListPaths = (
			);
			outputPaths = (
			);
			runOnlyForDeploymentPostprocessing = 0;
			shellPath = /bin/sh;
			shellScript = "export RCT_METRO_PORT=\"${RCT_METRO_PORT:=8081}\"\necho \"export RCT_METRO_PORT=${RCT_METRO_PORT}\" > \"${SRCROOT}/../node_modules/react-native/scripts/.packager.env\"\nif [ -z \"${RCT_NO_LAUNCH_PACKAGER+xxx}\" ] ; then\n  if nc -w 5 -z localhost ${RCT_METRO_PORT} ; then\n    if ! curl -s \"http://localhost:${RCT_METRO_PORT}/status\" | grep -q \"packager-status:running\" ; then\n      echo \"Port ${RCT_METRO_PORT} already in use, packager is either not running or not running correctly\"\n      exit 2\n    fi\n  else\n    open \"$SRCROOT/../node_modules/react-native/scripts/launchPackager.command\" || echo \"Can't start packager automatically\"\n  fi\nfi\n";
			showEnvVarsInLog = 0;
		};
/* End PBXShellScriptBuildPhase section */

/* Begin PBXSourcesBuildPhase section */
		00E356EA1AD99517003FC87E /* Sources */ = {
			isa = PBXSourcesBuildPhase;
			buildActionMask = 2147483647;
			files = (
				00E356F31AD99517003FC87E /* crafty_Furniture_AppTests.m in Sources */,
			);
			runOnlyForDeploymentPostprocessing = 0;
		};
		13B07F871A680F5B00A75B9A /* Sources */ = {
			isa = PBXSourcesBuildPhase;
			buildActionMask = 2147483647;
			files = (
				13B07FBC1A68108700A75B9A /* AppDelegate.mm in Sources */,
				04979121297AB61400E59DE5 /* File.swift in Sources */,
				13B07FC11A68108700A75B9A /* main.m in Sources */,
			);
			runOnlyForDeploymentPostprocessing = 0;
		};
/* End PBXSourcesBuildPhase section */

/* Begin PBXTargetDependency section */
		00E356F51AD99517003FC87E /* PBXTargetDependency */ = {
			isa = PBXTargetDependency;
			target = 13B07F861A680F5B00A75B9A /* crafty_Furniture_App */;
			targetProxy = 00E356F41AD99517003FC87E /* PBXContainerItemProxy */;
		};
/* End PBXTargetDependency section */

/* Begin XCBuildConfiguration section */
		00E356F61AD99517003FC87E /* Debug */ = {
			isa = XCBuildConfiguration;
			baseConfigurationReference = 5B7EB9410499542E8C5724F5 /* Pods-crafty_Furniture_App-crafty_Furniture_AppTests.debug.xcconfig */;
			buildSettings = {
				ALWAYS_EMBED_SWIFT_STANDARD_LIBRARIES = YES;
				BUNDLE_LOADER = "$(TEST_HOST)";
				FRAMEWORK_SEARCH_PATHS = (
					"$(inherited)",
					"$(PROJECT_DIR)",
				);
				GCC_PREPROCESSOR_DEFINITIONS = (
					"DEBUG=1",
					"$(inherited)",
				);
				INFOPLIST_FILE = crafty_Furniture_AppTests/Info.plist;
				IPHONEOS_DEPLOYMENT_TARGET = 12.4;
				LD_RUNPATH_SEARCH_PATHS = (
					"$(inherited)",
					"@executable_path/Frameworks",
					"@loader_path/Frameworks",
				);
				OTHER_LDFLAGS = (
					"$(inherited)",
					"-ObjC",
					"-l\"AppAuth\"",
					"-l\"BEMCheckBox\"",
					"-l\"CocoaAsyncSocket\"",
					"-l\"DoubleConversion\"",
					"-l\"Flipper\"",
					"-l\"Flipper-Boost-iOSX\"",
					"-l\"Flipper-Fmt\"",
					"-l\"Flipper-Folly\"",
					"-l\"Flipper-PeerTalk\"",
					"-l\"Flipper-RSocket\"",
					"-l\"FlipperKit\"",
					"-l\"GTMAppAuth\"",
					"-l\"GTMSessionFetcher\"",
					"-l\"GoogleSignIn\"",
					"-l\"RCT-Folly\"",
					"-l\"RCTTypeSafety\"",
					"-l\"RNCAsyncStorage\"",
					"-l\"RNCCheckbox\"",
					"-l\"RNGoogleSignin\"",
					"-l\"RNScreens\"",
					"-l\"RNVectorIcons\"",
					"-l\"React-Codegen\"",
					"-l\"React-Core\"",
					"-l\"React-CoreModules\"",
					"-l\"React-RCTAnimation\"",
					"-l\"React-RCTBlob\"",
					"-l\"React-RCTImage\"",
					"-l\"React-RCTLinking\"",
					"-l\"React-RCTNetwork\"",
					"-l\"React-RCTSettings\"",
					"-l\"React-RCTText\"",
					"-l\"React-RCTVibration\"",
					"-l\"React-bridging\"",
					"-l\"React-cxxreact\"",
					"-l\"React-jsi\"",
					"-l\"React-jsiexecutor\"",
					"-l\"React-jsinspector\"",
					"-l\"React-logger\"",
					"-l\"React-perflogger\"",
					"-l\"ReactCommon\"",
					"-l\"SocketRocket\"",
					"-l\"Yoga\"",
					"-l\"YogaKit\"",
					"-l\"c++\"",
					"-l\"c++abi\"",
					"-l\"fmt\"",
					"-l\"glog\"",
					"-l\"icucore\"",
					"-l\"libevent\"",
					"-l\"react-native-fbsdk-next\"",
					"-l\"react-native-safe-area-context\"",
					"-l\"react-native-splash-screen\"",
					"-l\"stdc++\"",
					"-l\"z\"",
					"-framework",
					"\"AudioToolbox\"",
					"-framework",
					"\"CFNetwork\"",
					"-framework",
					"\"CoreGraphics\"",
					"-framework",
					"\"CoreText\"",
					"-framework",
					"\"FBAEMKit\"",
					"-framework",
					"\"FBSDKCoreKit\"",
					"-framework",
					"\"FBSDKCoreKit_Basics\"",
					"-framework",
					"\"FBSDKGamingServicesKit\"",
					"-framework",
					"\"FBSDKLoginKit\"",
					"-framework",
					"\"FBSDKShareKit\"",
					"-framework",
					"\"Foundation\"",
					"-framework",
					"\"JavaScriptCore\"",
					"-framework",
					"\"LocalAuthentication\"",
					"-framework",
					"\"MobileCoreServices\"",
					"-framework",
					"\"OpenSSL\"",
					"-framework",
					"\"SafariServices\"",
					"-framework",
					"\"Security\"",
					"-framework",
					"\"UIKit\"",
					"-framework",
					"\"double-conversion\"",
					"-framework",
					"\"glog\"",
					"-weak_framework",
					"\"AuthenticationServices\"",
				);
				PRODUCT_BUNDLE_IDENTIFIER = "org.reactjs.native.example.$(PRODUCT_NAME:rfc1034identifier)";
				PRODUCT_NAME = "$(TARGET_NAME)";
				TEST_HOST = "$(BUILT_PRODUCTS_DIR)/crafty_Furniture_App.app/crafty_Furniture_App";
			};
			name = Debug;
		};
		00E356F71AD99517003FC87E /* Release */ = {
			isa = XCBuildConfiguration;
			baseConfigurationReference = 89C6BE57DB24E9ADA2F236DE /* Pods-crafty_Furniture_App-crafty_Furniture_AppTests.release.xcconfig */;
			buildSettings = {
				ALWAYS_EMBED_SWIFT_STANDARD_LIBRARIES = YES;
				BUNDLE_LOADER = "$(TEST_HOST)";
				COPY_PHASE_STRIP = NO;
				FRAMEWORK_SEARCH_PATHS = (
					"$(inherited)",
					"$(PROJECT_DIR)",
				);
				INFOPLIST_FILE = crafty_Furniture_AppTests/Info.plist;
				IPHONEOS_DEPLOYMENT_TARGET = 12.4;
				LD_RUNPATH_SEARCH_PATHS = (
					"$(inherited)",
					"@executable_path/Frameworks",
					"@loader_path/Frameworks",
				);
				OTHER_LDFLAGS = (
					"-ObjC",
					"-lc++",
					"$(inherited)",
				);
				PRODUCT_BUNDLE_IDENTIFIER = "org.reactjs.native.example.$(PRODUCT_NAME:rfc1034identifier)";
				PRODUCT_NAME = "$(TARGET_NAME)";
				TEST_HOST = "$(BUILT_PRODUCTS_DIR)/crafty_Furniture_App.app/crafty_Furniture_App";
			};
			name = Release;
		};
		13B07F941A680F5B00A75B9A /* Debug */ = {
			isa = XCBuildConfiguration;
			baseConfigurationReference = 3B4392A12AC88292D35C810B /* Pods-crafty_Furniture_App.debug.xcconfig */;
			buildSettings = {
				ASSETCATALOG_COMPILER_APPICON_NAME = AppIcon;
				CLANG_ENABLE_MODULES = YES;
				CURRENT_PROJECT_VERSION = 1;
				ENABLE_BITCODE = NO;
				FRAMEWORK_SEARCH_PATHS = (
					"$(inherited)",
					"$(PROJECT_DIR)",
					"\"$(SRCROOT)/../../../FacebookSDK\"",
				);
				INFOPLIST_FILE = crafty_Furniture_App/Info.plist;
				PRODUCT_BUNDLE_IDENTIFIER = "org.reactjs.native.example.$(PRODUCT_NAME:rfc1034identifier)";
				PRODUCT_NAME = crafty_Furniture_App;
				SWIFT_OBJC_BRIDGING_HEADER = "crafty_Furniture_App-Bridging-Header.h";
				SWIFT_OPTIMIZATION_LEVEL = "-Onone";
				SWIFT_VERSION = 5.0;
				VERSIONING_SYSTEM = "apple-generic";
			};
			name = Debug;
		};
		13B07F951A680F5B00A75B9A /* Release */ = {
			isa = XCBuildConfiguration;
			baseConfigurationReference = 5709B34CF0A7D63546082F79 /* Pods-crafty_Furniture_App.release.xcconfig */;
			buildSettings = {
				ASSETCATALOG_COMPILER_APPICON_NAME = AppIcon;
				CLANG_ENABLE_MODULES = YES;
				CURRENT_PROJECT_VERSION = 1;
				FRAMEWORK_SEARCH_PATHS = (
					"$(inherited)",
					"$(PROJECT_DIR)",
					"\"$(SRCROOT)/../../../FacebookSDK\"",
				);
				INFOPLIST_FILE = crafty_Furniture_App/Info.plist;
				PRODUCT_BUNDLE_IDENTIFIER = "org.reactjs.native.example.$(PRODUCT_NAME:rfc1034identifier)";
				PRODUCT_NAME = crafty_Furniture_App;
				SWIFT_OBJC_BRIDGING_HEADER = "crafty_Furniture_App-Bridging-Header.h";
				SWIFT_VERSION = 5.0;
				VERSIONING_SYSTEM = "apple-generic";
			};
			name = Release;
		};
		83CBBA201A601CBA00E9B192 /* Debug */ = {
			isa = XCBuildConfiguration;
			buildSettings = {
				ALWAYS_SEARCH_USER_PATHS = NO;
				CLANG_ANALYZER_LOCALIZABILITY_NONLOCALIZED = YES;
				CLANG_CXX_LANGUAGE_STANDARD = "c++17";
				CLANG_CXX_LIBRARY = "libc++";
				CLANG_ENABLE_MODULES = YES;
				CLANG_ENABLE_OBJC_ARC = YES;
				CLANG_WARN_BLOCK_CAPTURE_AUTORELEASING = YES;
				CLANG_WARN_BOOL_CONVERSION = YES;
				CLANG_WARN_COMMA = YES;
				CLANG_WARN_CONSTANT_CONVERSION = YES;
				CLANG_WARN_DEPRECATED_OBJC_IMPLEMENTATIONS = YES;
				CLANG_WARN_DIRECT_OBJC_ISA_USAGE = YES_ERROR;
				CLANG_WARN_EMPTY_BODY = YES;
				CLANG_WARN_ENUM_CONVERSION = YES;
				CLANG_WARN_INFINITE_RECURSION = YES;
				CLANG_WARN_INT_CONVERSION = YES;
				CLANG_WARN_NON_LITERAL_NULL_CONVERSION = YES;
				CLANG_WARN_OBJC_IMPLICIT_RETAIN_SELF = YES;
				CLANG_WARN_OBJC_LITERAL_CONVERSION = YES;
				CLANG_WARN_OBJC_ROOT_CLASS = YES_ERROR;
				CLANG_WARN_QUOTED_INCLUDE_IN_FRAMEWORK_HEADER = YES;
				CLANG_WARN_RANGE_LOOP_ANALYSIS = YES;
				CLANG_WARN_STRICT_PROTOTYPES = YES;
				CLANG_WARN_SUSPICIOUS_MOVE = YES;
				CLANG_WARN_UNREACHABLE_CODE = YES;
				CLANG_WARN__DUPLICATE_METHOD_MATCH = YES;
				"CODE_SIGN_IDENTITY[sdk=iphoneos*]" = "iPhone Developer";
				COPY_PHASE_STRIP = NO;
				ENABLE_STRICT_OBJC_MSGSEND = YES;
				ENABLE_TESTABILITY = YES;
				"EXCLUDED_ARCHS[sdk=iphonesimulator*]" = "";
				GCC_C_LANGUAGE_STANDARD = gnu99;
				GCC_DYNAMIC_NO_PIC = NO;
				GCC_NO_COMMON_BLOCKS = YES;
				GCC_OPTIMIZATION_LEVEL = 0;
				GCC_PREPROCESSOR_DEFINITIONS = (
					"DEBUG=1",
					"$(inherited)",
				);
				GCC_SYMBOLS_PRIVATE_EXTERN = NO;
				GCC_WARN_64_TO_32_BIT_CONVERSION = YES;
				GCC_WARN_ABOUT_RETURN_TYPE = YES_ERROR;
				GCC_WARN_UNDECLARED_SELECTOR = YES;
				GCC_WARN_UNINITIALIZED_AUTOS = YES_AGGRESSIVE;
				GCC_WARN_UNUSED_FUNCTION = YES;
				GCC_WARN_UNUSED_VARIABLE = YES;
				IPHONEOS_DEPLOYMENT_TARGET = 12.4;
				LD_RUNPATH_SEARCH_PATHS = (
					/usr/lib/swift,
					"$(inherited)",
				);
				LIBRARY_SEARCH_PATHS = (
					"\"$(SDKROOT)/usr/lib/swift\"",
					"\"$(TOOLCHAIN_DIR)/usr/lib/swift/$(PLATFORM_NAME)\"",
					"\"$(inherited)\"",
				);
				MTL_ENABLE_DEBUG_INFO = YES;
				ONLY_ACTIVE_ARCH = YES;
				OTHER_CPLUSPLUSFLAGS = (
					"$(OTHER_CFLAGS)",
					"-DFOLLY_NO_CONFIG",
					"-DFOLLY_MOBILE=1",
					"-DFOLLY_USE_LIBCPP=1",
				);
				REACT_NATIVE_PATH = "${PODS_ROOT}/../../node_modules/react-native";
				SDKROOT = iphoneos;
			};
			name = Debug;
		};
		83CBBA211A601CBA00E9B192 /* Release */ = {
			isa = XCBuildConfiguration;
			buildSettings = {
				ALWAYS_SEARCH_USER_PATHS = NO;
				CLANG_ANALYZER_LOCALIZABILITY_NONLOCALIZED = YES;
				CLANG_CXX_LANGUAGE_STANDARD = "c++17";
				CLANG_CXX_LIBRARY = "libc++";
				CLANG_ENABLE_MODULES = YES;
				CLANG_ENABLE_OBJC_ARC = YES;
				CLANG_WARN_BLOCK_CAPTURE_AUTORELEASING = YES;
				CLANG_WARN_BOOL_CONVERSION = YES;
				CLANG_WARN_COMMA = YES;
				CLANG_WARN_CONSTANT_CONVERSION = YES;
				CLANG_WARN_DEPRECATED_OBJC_IMPLEMENTATIONS = YES;
				CLANG_WARN_DIRECT_OBJC_ISA_USAGE = YES_ERROR;
				CLANG_WARN_EMPTY_BODY = YES;
				CLANG_WARN_ENUM_CONVERSION = YES;
				CLANG_WARN_INFINITE_RECURSION = YES;
				CLANG_WARN_INT_CONVERSION = YES;
				CLANG_WARN_NON_LITERAL_NULL_CONVERSION = YES;
				CLANG_WARN_OBJC_IMPLICIT_RETAIN_SELF = YES;
				CLANG_WARN_OBJC_LITERAL_CONVERSION = YES;
				CLANG_WARN_OBJC_ROOT_CLASS = YES_ERROR;
				CLANG_WARN_QUOTED_INCLUDE_IN_FRAMEWORK_HEADER = YES;
				CLANG_WARN_RANGE_LOOP_ANALYSIS = YES;
				CLANG_WARN_STRICT_PROTOTYPES = YES;
				CLANG_WARN_SUSPICIOUS_MOVE = YES;
				CLANG_WARN_UNREACHABLE_CODE = YES;
				CLANG_WARN__DUPLICATE_METHOD_MATCH = YES;
				"CODE_SIGN_IDENTITY[sdk=iphoneos*]" = "iPhone Developer";
				COPY_PHASE_STRIP = YES;
				ENABLE_NS_ASSERTIONS = NO;
				ENABLE_STRICT_OBJC_MSGSEND = YES;
				"EXCLUDED_ARCHS[sdk=iphonesimulator*]" = "";
				GCC_C_LANGUAGE_STANDARD = gnu99;
				GCC_NO_COMMON_BLOCKS = YES;
				GCC_WARN_64_TO_32_BIT_CONVERSION = YES;
				GCC_WARN_ABOUT_RETURN_TYPE = YES_ERROR;
				GCC_WARN_UNDECLARED_SELECTOR = YES;
				GCC_WARN_UNINITIALIZED_AUTOS = YES_AGGRESSIVE;
				GCC_WARN_UNUSED_FUNCTION = YES;
				GCC_WARN_UNUSED_VARIABLE = YES;
				IPHONEOS_DEPLOYMENT_TARGET = 12.4;
				LD_RUNPATH_SEARCH_PATHS = (
					/usr/lib/swift,
					"$(inherited)",
				);
				LIBRARY_SEARCH_PATHS = (
					"\"$(SDKROOT)/usr/lib/swift\"",
					"\"$(TOOLCHAIN_DIR)/usr/lib/swift/$(PLATFORM_NAME)\"",
					"\"$(inherited)\"",
				);
				MTL_ENABLE_DEBUG_INFO = NO;
				OTHER_CPLUSPLUSFLAGS = (
					"$(OTHER_CFLAGS)",
					"-DFOLLY_NO_CONFIG",
					"-DFOLLY_MOBILE=1",
					"-DFOLLY_USE_LIBCPP=1",
				);
				REACT_NATIVE_PATH = "${PODS_ROOT}/../../node_modules/react-native";
				SDKROOT = iphoneos;
				VALIDATE_PRODUCT = YES;
			};
			name = Release;
		};
/* End XCBuildConfiguration section */

/* Begin XCConfigurationList section */
		00E357021AD99517003FC87E /* Build configuration list for PBXNativeTarget "crafty_Furniture_AppTests" */ = {
			isa = XCConfigurationList;
			buildConfigurations = (
				00E356F61AD99517003FC87E /* Debug */,
				00E356F71AD99517003FC87E /* Release */,
			);
			defaultConfigurationIsVisible = 0;
			defaultConfigurationName = Release;
		};
		13B07F931A680F5B00A75B9A /* Build configuration list for PBXNativeTarget "crafty_Furniture_App" */ = {
			isa = XCConfigurationList;
			buildConfigurations = (
				13B07F941A680F5B00A75B9A /* Debug */,
				13B07F951A680F5B00A75B9A /* Release */,
			);
			defaultConfigurationIsVisible = 0;
			defaultConfigurationName = Release;
		};
		83CBB9FA1A601CBA00E9B192 /* Build configuration list for PBXProject "crafty_Furniture_App" */ = {
			isa = XCConfigurationList;
			buildConfigurations = (
				83CBBA201A601CBA00E9B192 /* Debug */,
				83CBBA211A601CBA00E9B192 /* Release */,
			);
			defaultConfigurationIsVisible = 0;
			defaultConfigurationName = Release;
		};
/* End XCConfigurationList section */
	};
	rootObject = 83CBB9F71A601CBA00E9B192 /* Project object */;
}
